
Microsoft Visual Studio Solution File, Format Version 12.00
# Visual Studio 14
VisualStudioVersion = 14.0.24720.0
MinimumVisualStudioVersion = 10.0.40219.1
Project("{FAE04EC0-301F-11D3-BF4B-00C04F79EFBC}") = "EF_DataBaseFirst", "ConsoleApp\EF_DataBaseFirst.csproj", "{2741F5E1-C72D-4747-9728-1D0F4D06054C}"
EndProject
Project("{FAE04EC0-301F-11D3-BF4B-00C04F79EFBC}") = "EF_ModelFirst", "EF_ModelFirst\EF_ModelFirst.csproj", "{7D4E40AB-CD92-40A4-8823-E5AE61550AD5}"
EndProject
Project("{FAE04EC0-301F-11D3-BF4B-00C04F79EFBC}") = "EF_CodeFirst", "EF_CodeFirst\EF_CodeFirst.csproj", "{44298111-CF88-43F7-821B-0942F8067845}"
EndProject
Project("{FAE04EC0-301F-11D3-BF4B-00C04F79EFBC}") = "MVCApp", "MVCApp\MVCApp.csproj", "{C2F31E26-9A5B-422C-B1DB-D5732B29144B}"
EndProject
Project("{FAE04EC0-301F-11D3-BF4B-00C04F79EFBC}") = "UnitTestProject", "UnitTestProject\UnitTestProject.csproj", "{40D37204-76B7-4ADD-B531-1B55CC74BD13}"
EndProject
Global
	GlobalSection(SolutionConfigurationPlatforms) = preSolution
		Debug|Any CPU = Debug|Any CPU
		Release|Any CPU = Release|Any CPU
	EndGlobalSection
	GlobalSection(ProjectConfigurationPlatforms) = postSolution
		{2741F5E1-C72D-4747-9728-1D0F4D06054C}.Debug|Any CPU.ActiveCfg = Debug|Any CPU
		{2741F5E1-C72D-4747-9728-1D0F4D06054C}.Debug|Any CPU.Build.0 = Debug|Any CPU
		{2741F5E1-C72D-4747-9728-1D0F4D06054C}.Release|Any CPU.ActiveCfg = Release|Any CPU
		{2741F5E1-C72D-4747-9728-1D0F4D06054C}.Release|Any CPU.Build.0 = Release|Any CPU
		{7D4E40AB-CD92-40A4-8823-E5AE61550AD5}.Debug|Any CPU.ActiveCfg = Debug|Any CPU
		{7D4E40AB-CD92-40A4-8823-E5AE61550AD5}.Debug|Any CPU.Build.0 = Debug|Any CPU
		{7D4E40AB-CD92-40A4-8823-E5AE61550AD5}.Release|Any CPU.ActiveCfg = Release|Any CPU
		{7D4E40AB-CD92-40A4-8823-E5AE61550AD5}.Release|Any CPU.Build.0 = Release|Any CPU
		{44298111-CF88-43F7-821B-0942F8067845}.Debug|Any CPU.ActiveCfg = Debug|Any CPU
		{44298111-CF88-43F7-821B-0942F8067845}.Debug|Any CPU.Build.0 = Debug|Any CPU
		{44298111-CF88-43F7-821B-0942F8067845}.Release|Any CPU.ActiveCfg = Release|Any CPU
		{44298111-CF88-43F7-821B-0942F8067845}.Release|Any CPU.Build.0 = Release|Any CPU
		{C2F31E26-9A5B-422C-B1DB-D5732B29144B}.Debug|Any CPU.ActiveCfg = Debug|Any CPU
		{C2F31E26-9A5B-422C-B1DB-D5732B29144B}.Debug|Any CPU.Build.0 = Debug|Any CPU
		{C2F31E26-9A5B-422C-B1DB-D5732B29144B}.Release|Any CPU.ActiveCfg = Release|Any CPU
		{C2F31E26-9A5B-422C-B1DB-D5732B29144B}.Release|Any CPU.Build.0 = Release|Any CPU
		{40D37204-76B7-4ADD-B531-1B55CC74BD13}.Debug|Any CPU.ActiveCfg = Debug|Any CPU
		{40D37204-76B7-4ADD-B531-1B55CC74BD13}.Debug|Any CPU.Build.0 = Debug|Any CPU
		{40D37204-76B7-4ADD-B531-1B55CC74BD13}.Release|Any CPU.ActiveCfg = Release|Any CPU
		{40D37204-76B7-4ADD-B531-1B55CC74BD13}.Release|Any CPU.Build.0 = Release|Any CPU
	EndGlobalSection
	GlobalSection(SolutionProperties) = preSolution
		HideSolutionNode = FALSE
	EndGlobalSection
EndGlobal
